// !$*UTF8*$!
{
	archiveVersion = 1;
	classes = {
	};
	objectVersion = 56;
	objects = {

/* Begin PBXBuildFile section */
		6F29C8BC2A211FF800579B63 /* ADTChallengeApp.swift in Sources */ = {isa = PBXBuildFile; fileRef = 6F29C8BB2A211FF800579B63 /* ADTChallengeApp.swift */; };
		6F29C8BE2A211FF800579B63 /* ContentView.swift in Sources */ = {isa = PBXBuildFile; fileRef = 6F29C8BD2A211FF800579B63 /* ContentView.swift */; };
		6F29C8C02A211FF900579B63 /* Assets.xcassets in Resources */ = {isa = PBXBuildFile; fileRef = 6F29C8BF2A211FF900579B63 /* Assets.xcassets */; };
		6F29C8C32A211FF900579B63 /* Preview Assets.xcassets in Resources */ = {isa = PBXBuildFile; fileRef = 6F29C8C22A211FF900579B63 /* Preview Assets.xcassets */; };
		6F29C8CD2A211FF900579B63 /* ADTChallengeTests.swift in Sources */ = {isa = PBXBuildFile; fileRef = 6F29C8CC2A211FF900579B63 /* ADTChallengeTests.swift */; };
		6F29C8D72A211FF900579B63 /* ADTChallengeUITests.swift in Sources */ = {isa = PBXBuildFile; fileRef = 6F29C8D62A211FF900579B63 /* ADTChallengeUITests.swift */; };
		6F29C8D92A211FF900579B63 /* ADTChallengeUITestsLaunchTests.swift in Sources */ = {isa = PBXBuildFile; fileRef = 6F29C8D82A211FF900579B63 /* ADTChallengeUITestsLaunchTests.swift */; };
		6F29C8E92A21209000579B63 /* RMEpisode.swift in Sources */ = {isa = PBXBuildFile; fileRef = 6F29C8E82A21209000579B63 /* RMEpisode.swift */; };
		6F29C8EB2A2123C600579B63 /* RMAPI.swift in Sources */ = {isa = PBXBuildFile; fileRef = 6F29C8EA2A2123C600579B63 /* RMAPI.swift */; };
		6F29C8ED2A213BE900579B63 /* EpisodeDetailView.swift in Sources */ = {isa = PBXBuildFile; fileRef = 6F29C8EC2A213BE900579B63 /* EpisodeDetailView.swift */; };
		6F29C8F02A213F0D00579B63 /* Caption.swift in Sources */ = {isa = PBXBuildFile; fileRef = 6F29C8EF2A213F0D00579B63 /* Caption.swift */; };
		6F29C8F32A21481800579B63 /* View+OnBecomingVisible.swift in Sources */ = {isa = PBXBuildFile; fileRef = 6F29C8F22A21481800579B63 /* View+OnBecomingVisible.swift */; };
		6F53BD272A22D5B0009CE90C /* RMCharacter.swift in Sources */ = {isa = PBXBuildFile; fileRef = 6F53BD262A22D5B0009CE90C /* RMCharacter.swift */; };
		6F53BD292A22D79C009CE90C /* RMPlace.swift in Sources */ = {isa = PBXBuildFile; fileRef = 6F53BD282A22D79C009CE90C /* RMPlace.swift */; };
		6F53BD2B2A22E1C7009CE90C /* GridCharacterView.swift in Sources */ = {isa = PBXBuildFile; fileRef = 6F53BD2A2A22E1C7009CE90C /* GridCharacterView.swift */; };
		6F53BD2D2A22E332009CE90C /* CharImageView.swift in Sources */ = {isa = PBXBuildFile; fileRef = 6F53BD2C2A22E332009CE90C /* CharImageView.swift */; };
		6F53BD2F2A22EABA009CE90C /* View+Hidden.swift in Sources */ = {isa = PBXBuildFile; fileRef = 6F53BD2E2A22EABA009CE90C /* View+Hidden.swift */; };
		6F53BD322A22F45C009CE90C /* SoundPlayer.swift in Sources */ = {isa = PBXBuildFile; fileRef = 6F53BD312A22F45C009CE90C /* SoundPlayer.swift */; };
		6F53BD3A2A22FB4F009CE90C /* burp6.mp3 in Resources */ = {isa = PBXBuildFile; fileRef = 6F53BD342A22FB4F009CE90C /* burp6.mp3 */; };
		6F53BD3B2A22FB4F009CE90C /* burp3.mp3 in Resources */ = {isa = PBXBuildFile; fileRef = 6F53BD352A22FB4F009CE90C /* burp3.mp3 */; };
		6F53BD3C2A22FB4F009CE90C /* burp2.mp3 in Resources */ = {isa = PBXBuildFile; fileRef = 6F53BD362A22FB4F009CE90C /* burp2.mp3 */; };
		6F53BD3D2A22FB4F009CE90C /* burp4.mp3 in Resources */ = {isa = PBXBuildFile; fileRef = 6F53BD372A22FB4F009CE90C /* burp4.mp3 */; };
		6F53BD3E2A22FB4F009CE90C /* burp1.mp3 in Resources */ = {isa = PBXBuildFile; fileRef = 6F53BD382A22FB4F009CE90C /* burp1.mp3 */; };
		6F53BD3F2A22FB4F009CE90C /* burp5.mp3 in Resources */ = {isa = PBXBuildFile; fileRef = 6F53BD392A22FB4F009CE90C /* burp5.mp3 */; };
		6F53BD412A22FFC4009CE90C /* CharacterDetailView.swift in Sources */ = {isa = PBXBuildFile; fileRef = 6F53BD402A22FFC4009CE90C /* CharacterDetailView.swift */; };
		6F53BD432A2300B7009CE90C /* InfoLineView.swift in Sources */ = {isa = PBXBuildFile; fileRef = 6F53BD422A2300B7009CE90C /* InfoLineView.swift */; };
		6F53BD452A230506009CE90C /* CharDetailImageView.swift in Sources */ = {isa = PBXBuildFile; fileRef = 6F53BD442A230506009CE90C /* CharDetailImageView.swift */; };
/* End PBXBuildFile section */

/* Begin PBXContainerItemProxy section */
		6F29C8C92A211FF900579B63 /* PBXContainerItemProxy */ = {
			isa = PBXContainerItemProxy;
			containerPortal = 6F29C8B02A211FF800579B63 /* Project object */;
			proxyType = 1;
			remoteGlobalIDString = 6F29C8B72A211FF800579B63;
			remoteInfo = ADTChallenge;
		};
		6F29C8D32A211FF900579B63 /* PBXContainerItemProxy */ = {
			isa = PBXContainerItemProxy;
			containerPortal = 6F29C8B02A211FF800579B63 /* Project object */;
			proxyType = 1;
			remoteGlobalIDString = 6F29C8B72A211FF800579B63;
			remoteInfo = ADTChallenge;
		};
/* End PBXContainerItemProxy section */

/* Begin PBXFileReference section */
		6F29C8B82A211FF800579B63 /* ADTChallenge.app */ = {isa = PBXFileReference; explicitFileType = wrapper.application; includeInIndex = 0; path = ADTChallenge.app; sourceTree = BUILT_PRODUCTS_DIR; };
		6F29C8BB2A211FF800579B63 /* ADTChallengeApp.swift */ = {isa = PBXFileReference; lastKnownFileType = sourcecode.swift; path = ADTChallengeApp.swift; sourceTree = "<group>"; };
		6F29C8BD2A211FF800579B63 /* ContentView.swift */ = {isa = PBXFileReference; lastKnownFileType = sourcecode.swift; path = ContentView.swift; sourceTree = "<group>"; };
		6F29C8BF2A211FF900579B63 /* Assets.xcassets */ = {isa = PBXFileReference; lastKnownFileType = folder.assetcatalog; path = Assets.xcassets; sourceTree = "<group>"; };
		6F29C8C22A211FF900579B63 /* Preview Assets.xcassets */ = {isa = PBXFileReference; lastKnownFileType = folder.assetcatalog; path = "Preview Assets.xcassets"; sourceTree = "<group>"; };
		6F29C8C82A211FF900579B63 /* ADTChallengeTests.xctest */ = {isa = PBXFileReference; explicitFileType = wrapper.cfbundle; includeInIndex = 0; path = ADTChallengeTests.xctest; sourceTree = BUILT_PRODUCTS_DIR; };
		6F29C8CC2A211FF900579B63 /* ADTChallengeTests.swift */ = {isa = PBXFileReference; lastKnownFileType = sourcecode.swift; path = ADTChallengeTests.swift; sourceTree = "<group>"; };
		6F29C8D22A211FF900579B63 /* ADTChallengeUITests.xctest */ = {isa = PBXFileReference; explicitFileType = wrapper.cfbundle; includeInIndex = 0; path = ADTChallengeUITests.xctest; sourceTree = BUILT_PRODUCTS_DIR; };
		6F29C8D62A211FF900579B63 /* ADTChallengeUITests.swift */ = {isa = PBXFileReference; lastKnownFileType = sourcecode.swift; path = ADTChallengeUITests.swift; sourceTree = "<group>"; };
		6F29C8D82A211FF900579B63 /* ADTChallengeUITestsLaunchTests.swift */ = {isa = PBXFileReference; lastKnownFileType = sourcecode.swift; path = ADTChallengeUITestsLaunchTests.swift; sourceTree = "<group>"; };
		6F29C8E82A21209000579B63 /* RMEpisode.swift */ = {isa = PBXFileReference; lastKnownFileType = sourcecode.swift; path = RMEpisode.swift; sourceTree = "<group>"; };
		6F29C8EA2A2123C600579B63 /* RMAPI.swift */ = {isa = PBXFileReference; lastKnownFileType = sourcecode.swift; path = RMAPI.swift; sourceTree = "<group>"; };
		6F29C8EC2A213BE900579B63 /* EpisodeDetailView.swift */ = {isa = PBXFileReference; lastKnownFileType = sourcecode.swift; path = EpisodeDetailView.swift; sourceTree = "<group>"; };
		6F29C8EF2A213F0D00579B63 /* Caption.swift */ = {isa = PBXFileReference; lastKnownFileType = sourcecode.swift; path = Caption.swift; sourceTree = "<group>"; };
		6F29C8F22A21481800579B63 /* View+OnBecomingVisible.swift */ = {isa = PBXFileReference; lastKnownFileType = sourcecode.swift; path = "View+OnBecomingVisible.swift"; sourceTree = "<group>"; };
		6F53BD262A22D5B0009CE90C /* RMCharacter.swift */ = {isa = PBXFileReference; lastKnownFileType = sourcecode.swift; path = RMCharacter.swift; sourceTree = "<group>"; };
		6F53BD282A22D79C009CE90C /* RMPlace.swift */ = {isa = PBXFileReference; lastKnownFileType = sourcecode.swift; path = RMPlace.swift; sourceTree = "<group>"; };
		6F53BD2A2A22E1C7009CE90C /* GridCharacterView.swift */ = {isa = PBXFileReference; lastKnownFileType = sourcecode.swift; path = GridCharacterView.swift; sourceTree = "<group>"; };
		6F53BD2C2A22E332009CE90C /* CharImageView.swift */ = {isa = PBXFileReference; lastKnownFileType = sourcecode.swift; path = CharImageView.swift; sourceTree = "<group>"; };
		6F53BD2E2A22EABA009CE90C /* View+Hidden.swift */ = {isa = PBXFileReference; lastKnownFileType = sourcecode.swift; path = "View+Hidden.swift"; sourceTree = "<group>"; };
		6F53BD312A22F45C009CE90C /* SoundPlayer.swift */ = {isa = PBXFileReference; lastKnownFileType = sourcecode.swift; path = SoundPlayer.swift; sourceTree = "<group>"; };
		6F53BD342A22FB4F009CE90C /* burp6.mp3 */ = {isa = PBXFileReference; lastKnownFileType = audio.mp3; name = burp6.mp3; path = sounds/burp6.mp3; sourceTree = SOURCE_ROOT; };
		6F53BD352A22FB4F009CE90C /* burp3.mp3 */ = {isa = PBXFileReference; lastKnownFileType = audio.mp3; name = burp3.mp3; path = sounds/burp3.mp3; sourceTree = SOURCE_ROOT; };
		6F53BD362A22FB4F009CE90C /* burp2.mp3 */ = {isa = PBXFileReference; lastKnownFileType = audio.mp3; name = burp2.mp3; path = sounds/burp2.mp3; sourceTree = SOURCE_ROOT; };
		6F53BD372A22FB4F009CE90C /* burp4.mp3 */ = {isa = PBXFileReference; lastKnownFileType = audio.mp3; name = burp4.mp3; path = sounds/burp4.mp3; sourceTree = SOURCE_ROOT; };
		6F53BD382A22FB4F009CE90C /* burp1.mp3 */ = {isa = PBXFileReference; lastKnownFileType = audio.mp3; name = burp1.mp3; path = sounds/burp1.mp3; sourceTree = SOURCE_ROOT; };
		6F53BD392A22FB4F009CE90C /* burp5.mp3 */ = {isa = PBXFileReference; lastKnownFileType = audio.mp3; name = burp5.mp3; path = sounds/burp5.mp3; sourceTree = SOURCE_ROOT; };
		6F53BD402A22FFC4009CE90C /* CharacterDetailView.swift */ = {isa = PBXFileReference; lastKnownFileType = sourcecode.swift; path = CharacterDetailView.swift; sourceTree = "<group>"; };
		6F53BD422A2300B7009CE90C /* InfoLineView.swift */ = {isa = PBXFileReference; lastKnownFileType = sourcecode.swift; path = InfoLineView.swift; sourceTree = "<group>"; };
		6F53BD442A230506009CE90C /* CharDetailImageView.swift */ = {isa = PBXFileReference; lastKnownFileType = sourcecode.swift; path = CharDetailImageView.swift; sourceTree = "<group>"; };
/* End PBXFileReference section */

/* Begin PBXFrameworksBuildPhase section */
		6F29C8B52A211FF800579B63 /* Frameworks */ = {
			isa = PBXFrameworksBuildPhase;
			buildActionMask = 2147483647;
			files = (
			);
			runOnlyForDeploymentPostprocessing = 0;
		};
		6F29C8C52A211FF900579B63 /* Frameworks */ = {
			isa = PBXFrameworksBuildPhase;
			buildActionMask = 2147483647;
			files = (
			);
			runOnlyForDeploymentPostprocessing = 0;
		};
		6F29C8CF2A211FF900579B63 /* Frameworks */ = {
			isa = PBXFrameworksBuildPhase;
			buildActionMask = 2147483647;
			files = (
			);
			runOnlyForDeploymentPostprocessing = 0;
		};
/* End PBXFrameworksBuildPhase section */

/* Begin PBXGroup section */
		6F29C8AF2A211FF800579B63 = {
			isa = PBXGroup;
			children = (
				6F29C8BA2A211FF800579B63 /* ADTChallenge */,
				6F29C8CB2A211FF900579B63 /* ADTChallengeTests */,
				6F29C8D52A211FF900579B63 /* ADTChallengeUITests */,
				6F29C8B92A211FF800579B63 /* Products */,
			);
			sourceTree = "<group>";
		};
		6F29C8B92A211FF800579B63 /* Products */ = {
			isa = PBXGroup;
			children = (
				6F29C8B82A211FF800579B63 /* ADTChallenge.app */,
				6F29C8C82A211FF900579B63 /* ADTChallengeTests.xctest */,
				6F29C8D22A211FF900579B63 /* ADTChallengeUITests.xctest */,
			);
			name = Products;
			sourceTree = "<group>";
		};
		6F29C8BA2A211FF800579B63 /* ADTChallenge */ = {
			isa = PBXGroup;
			children = (
				6F53BD332A22FB27009CE90C /* Sounds */,
				6F53BD302A22F448009CE90C /* Audio */,
				6F29C8F12A21480300579B63 /* Extensions */,
				6F29C8EE2A213EF800579B63 /* Modifiers */,
				6F29C8E72A21201200579B63 /* Views */,
				6F29C8E62A21200A00579B63 /* Network */,
				6F29C8E52A21200400579B63 /* Models */,
				6F29C8BB2A211FF800579B63 /* ADTChallengeApp.swift */,
				6F29C8BF2A211FF900579B63 /* Assets.xcassets */,
				6F29C8C12A211FF900579B63 /* Preview Content */,
			);
			path = ADTChallenge;
			sourceTree = "<group>";
		};
		6F29C8C12A211FF900579B63 /* Preview Content */ = {
			isa = PBXGroup;
			children = (
				6F29C8C22A211FF900579B63 /* Preview Assets.xcassets */,
			);
			path = "Preview Content";
			sourceTree = "<group>";
		};
		6F29C8CB2A211FF900579B63 /* ADTChallengeTests */ = {
			isa = PBXGroup;
			children = (
				6F29C8CC2A211FF900579B63 /* ADTChallengeTests.swift */,
			);
			path = ADTChallengeTests;
			sourceTree = "<group>";
		};
		6F29C8D52A211FF900579B63 /* ADTChallengeUITests */ = {
			isa = PBXGroup;
			children = (
				6F29C8D62A211FF900579B63 /* ADTChallengeUITests.swift */,
				6F29C8D82A211FF900579B63 /* ADTChallengeUITestsLaunchTests.swift */,
			);
			path = ADTChallengeUITests;
			sourceTree = "<group>";
		};
		6F29C8E52A21200400579B63 /* Models */ = {
			isa = PBXGroup;
			children = (
				6F29C8E82A21209000579B63 /* RMEpisode.swift */,
				6F53BD262A22D5B0009CE90C /* RMCharacter.swift */,
				6F53BD282A22D79C009CE90C /* RMPlace.swift */,
			);
			path = Models;
			sourceTree = "<group>";
		};
		6F29C8E62A21200A00579B63 /* Network */ = {
			isa = PBXGroup;
			children = (
				6F29C8EA2A2123C600579B63 /* RMAPI.swift */,
			);
			path = Network;
			sourceTree = "<group>";
		};
		6F29C8E72A21201200579B63 /* Views */ = {
			isa = PBXGroup;
			children = (
				6F29C8BD2A211FF800579B63 /* ContentView.swift */,
				6F29C8EC2A213BE900579B63 /* EpisodeDetailView.swift */,
				6F53BD2A2A22E1C7009CE90C /* GridCharacterView.swift */,
				6F53BD2C2A22E332009CE90C /* CharImageView.swift */,
				6F53BD402A22FFC4009CE90C /* CharacterDetailView.swift */,
				6F53BD422A2300B7009CE90C /* InfoLineView.swift */,
				6F53BD442A230506009CE90C /* CharDetailImageView.swift */,
			);
			path = Views;
			sourceTree = "<group>";
		};
		6F29C8EE2A213EF800579B63 /* Modifiers */ = {
			isa = PBXGroup;
			children = (
				6F29C8EF2A213F0D00579B63 /* Caption.swift */,
			);
			path = Modifiers;
			sourceTree = "<group>";
		};
		6F29C8F12A21480300579B63 /* Extensions */ = {
			isa = PBXGroup;
			children = (
				6F29C8F22A21481800579B63 /* View+OnBecomingVisible.swift */,
				6F53BD2E2A22EABA009CE90C /* View+Hidden.swift */,
			);
			path = Extensions;
			sourceTree = "<group>";
		};
		6F53BD302A22F448009CE90C /* Audio */ = {
			isa = PBXGroup;
			children = (
				6F53BD312A22F45C009CE90C /* SoundPlayer.swift */,
			);
			path = Audio;
			sourceTree = "<group>";
		};
		6F53BD332A22FB27009CE90C /* Sounds */ = {
			isa = PBXGroup;
			children = (
				6F53BD382A22FB4F009CE90C /* burp1.mp3 */,
				6F53BD362A22FB4F009CE90C /* burp2.mp3 */,
				6F53BD352A22FB4F009CE90C /* burp3.mp3 */,
				6F53BD372A22FB4F009CE90C /* burp4.mp3 */,
				6F53BD392A22FB4F009CE90C /* burp5.mp3 */,
				6F53BD342A22FB4F009CE90C /* burp6.mp3 */,
			);
			path = Sounds;
			sourceTree = "<group>";
		};
/* End PBXGroup section */

/* Begin PBXNativeTarget section */
		6F29C8B72A211FF800579B63 /* ADTChallenge */ = {
			isa = PBXNativeTarget;
			buildConfigurationList = 6F29C8DC2A211FF900579B63 /* Build configuration list for PBXNativeTarget "ADTChallenge" */;
			buildPhases = (
				6F29C8B42A211FF800579B63 /* Sources */,
				6F29C8B52A211FF800579B63 /* Frameworks */,
				6F29C8B62A211FF800579B63 /* Resources */,
			);
			buildRules = (
			);
			dependencies = (
			);
			name = ADTChallenge;
			productName = ADTChallenge;
			productReference = 6F29C8B82A211FF800579B63 /* ADTChallenge.app */;
			productType = "com.apple.product-type.application";
		};
		6F29C8C72A211FF900579B63 /* ADTChallengeTests */ = {
			isa = PBXNativeTarget;
			buildConfigurationList = 6F29C8DF2A211FF900579B63 /* Build configuration list for PBXNativeTarget "ADTChallengeTests" */;
			buildPhases = (
				6F29C8C42A211FF900579B63 /* Sources */,
				6F29C8C52A211FF900579B63 /* Frameworks */,
				6F29C8C62A211FF900579B63 /* Resources */,
			);
			buildRules = (
			);
			dependencies = (
				6F29C8CA2A211FF900579B63 /* PBXTargetDependency */,
			);
			name = ADTChallengeTests;
			productName = ADTChallengeTests;
			productReference = 6F29C8C82A211FF900579B63 /* ADTChallengeTests.xctest */;
			productType = "com.apple.product-type.bundle.unit-test";
		};
		6F29C8D12A211FF900579B63 /* ADTChallengeUITests */ = {
			isa = PBXNativeTarget;
			buildConfigurationList = 6F29C8E22A211FF900579B63 /* Build configuration list for PBXNativeTarget "ADTChallengeUITests" */;
			buildPhases = (
				6F29C8CE2A211FF900579B63 /* Sources */,
				6F29C8CF2A211FF900579B63 /* Frameworks */,
				6F29C8D02A211FF900579B63 /* Resources */,
			);
			buildRules = (
			);
			dependencies = (
				6F29C8D42A211FF900579B63 /* PBXTargetDependency */,
			);
			name = ADTChallengeUITests;
			productName = ADTChallengeUITests;
			productReference = 6F29C8D22A211FF900579B63 /* ADTChallengeUITests.xctest */;
			productType = "com.apple.product-type.bundle.ui-testing";
		};
/* End PBXNativeTarget section */

/* Begin PBXProject section */
		6F29C8B02A211FF800579B63 /* Project object */ = {
			isa = PBXProject;
			attributes = {
				BuildIndependentTargetsInParallel = 1;
				LastSwiftUpdateCheck = 1430;
				LastUpgradeCheck = 1430;
				TargetAttributes = {
					6F29C8B72A211FF800579B63 = {
						CreatedOnToolsVersion = 14.3;
					};
					6F29C8C72A211FF900579B63 = {
						CreatedOnToolsVersion = 14.3;
						TestTargetID = 6F29C8B72A211FF800579B63;
					};
					6F29C8D12A211FF900579B63 = {
						CreatedOnToolsVersion = 14.3;
						TestTargetID = 6F29C8B72A211FF800579B63;
					};
				};
			};
			buildConfigurationList = 6F29C8B32A211FF800579B63 /* Build configuration list for PBXProject "ADTChallenge" */;
			compatibilityVersion = "Xcode 14.0";
			developmentRegion = en;
			hasScannedForEncodings = 0;
			knownRegions = (
				en,
				Base,
			);
			mainGroup = 6F29C8AF2A211FF800579B63;
			productRefGroup = 6F29C8B92A211FF800579B63 /* Products */;
			projectDirPath = "";
			projectRoot = "";
			targets = (
				6F29C8B72A211FF800579B63 /* ADTChallenge */,
				6F29C8C72A211FF900579B63 /* ADTChallengeTests */,
				6F29C8D12A211FF900579B63 /* ADTChallengeUITests */,
			);
		};
/* End PBXProject section */

/* Begin PBXResourcesBuildPhase section */
		6F29C8B62A211FF800579B63 /* Resources */ = {
			isa = PBXResourcesBuildPhase;
			buildActionMask = 2147483647;
			files = (
				6F29C8C32A211FF900579B63 /* Preview Assets.xcassets in Resources */,
				6F29C8C02A211FF900579B63 /* Assets.xcassets in Resources */,
				6F53BD3D2A22FB4F009CE90C /* burp4.mp3 in Resources */,
				6F53BD3A2A22FB4F009CE90C /* burp6.mp3 in Resources */,
				6F53BD3C2A22FB4F009CE90C /* burp2.mp3 in Resources */,
				6F53BD3F2A22FB4F009CE90C /* burp5.mp3 in Resources */,
				6F53BD3E2A22FB4F009CE90C /* burp1.mp3 in Resources */,
				6F53BD3B2A22FB4F009CE90C /* burp3.mp3 in Resources */,
			);
			runOnlyForDeploymentPostprocessing = 0;
		};
		6F29C8C62A211FF900579B63 /* Resources */ = {
			isa = PBXResourcesBuildPhase;
			buildActionMask = 2147483647;
			files = (
			);
			runOnlyForDeploymentPostprocessing = 0;
		};
		6F29C8D02A211FF900579B63 /* Resources */ = {
			isa = PBXResourcesBuildPhase;
			buildActionMask = 2147483647;
			files = (
			);
			runOnlyForDeploymentPostprocessing = 0;
		};
/* End PBXResourcesBuildPhase section */

/* Begin PBXSourcesBuildPhase section */
		6F29C8B42A211FF800579B63 /* Sources */ = {
			isa = PBXSourcesBuildPhase;
			buildActionMask = 2147483647;
			files = (
				6F53BD322A22F45C009CE90C /* SoundPlayer.swift in Sources */,
				6F29C8F32A21481800579B63 /* View+OnBecomingVisible.swift in Sources */,
				6F29C8BE2A211FF800579B63 /* ContentView.swift in Sources */,
				6F53BD452A230506009CE90C /* CharDetailImageView.swift in Sources */,
				6F53BD412A22FFC4009CE90C /* CharacterDetailView.swift in Sources */,
				6F53BD2B2A22E1C7009CE90C /* GridCharacterView.swift in Sources */,
				6F53BD2D2A22E332009CE90C /* CharImageView.swift in Sources */,
				6F53BD432A2300B7009CE90C /* InfoLineView.swift in Sources */,
				6F29C8E92A21209000579B63 /* RMEpisode.swift in Sources */,
				6F29C8F02A213F0D00579B63 /* Caption.swift in Sources */,
				6F53BD2F2A22EABA009CE90C /* View+Hidden.swift in Sources */,
				6F29C8ED2A213BE900579B63 /* EpisodeDetailView.swift in Sources */,
				6F29C8BC2A211FF800579B63 /* ADTChallengeApp.swift in Sources */,
				6F53BD292A22D79C009CE90C /* RMPlace.swift in Sources */,
				6F29C8EB2A2123C600579B63 /* RMAPI.swift in Sources */,
				6F53BD272A22D5B0009CE90C /* RMCharacter.swift in Sources */,
			);
			runOnlyForDeploymentPostprocessing = 0;
		};
		6F29C8C42A211FF900579B63 /* Sources */ = {
			isa = PBXSourcesBuildPhase;
			buildActionMask = 2147483647;
			files = (
				6F29C8CD2A211FF900579B63 /* ADTChallengeTests.swift in Sources */,
			);
			runOnlyForDeploymentPostprocessing = 0;
		};
		6F29C8CE2A211FF900579B63 /* Sources */ = {
			isa = PBXSourcesBuildPhase;
			buildActionMask = 2147483647;
			files = (
				6F29C8D92A211FF900579B63 /* ADTChallengeUITestsLaunchTests.swift in Sources */,
				6F29C8D72A211FF900579B63 /* ADTChallengeUITests.swift in Sources */,
			);
			runOnlyForDeploymentPostprocessing = 0;
		};
/* End PBXSourcesBuildPhase section */

/* Begin PBXTargetDependency section */
		6F29C8CA2A211FF900579B63 /* PBXTargetDependency */ = {
			isa = PBXTargetDependency;
			target = 6F29C8B72A211FF800579B63 /* ADTChallenge */;
			targetProxy = 6F29C8C92A211FF900579B63 /* PBXContainerItemProxy */;
		};
		6F29C8D42A211FF900579B63 /* PBXTargetDependency */ = {
			isa = PBXTargetDependency;
			target = 6F29C8B72A211FF800579B63 /* ADTChallenge */;
			targetProxy = 6F29C8D32A211FF900579B63 /* PBXContainerItemProxy */;
		};
/* End PBXTargetDependency section */

/* Begin XCBuildConfiguration section */
		6F29C8DA2A211FF900579B63 /* Debug */ = {
			isa = XCBuildConfiguration;
			buildSettings = {
				ALWAYS_SEARCH_USER_PATHS = NO;
				CLANG_ANALYZER_NONNULL = YES;
				CLANG_ANALYZER_NUMBER_OBJECT_CONVERSION = YES_AGGRESSIVE;
				CLANG_CXX_LANGUAGE_STANDARD = "gnu++20";
				CLANG_ENABLE_MODULES = YES;
				CLANG_ENABLE_OBJC_ARC = YES;
				CLANG_ENABLE_OBJC_WEAK = YES;
				CLANG_WARN_BLOCK_CAPTURE_AUTORELEASING = YES;
				CLANG_WARN_BOOL_CONVERSION = YES;
				CLANG_WARN_COMMA = YES;
				CLANG_WARN_CONSTANT_CONVERSION = YES;
				CLANG_WARN_DEPRECATED_OBJC_IMPLEMENTATIONS = YES;
				CLANG_WARN_DIRECT_OBJC_ISA_USAGE = YES_ERROR;
				CLANG_WARN_DOCUMENTATION_COMMENTS = YES;
				CLANG_WARN_EMPTY_BODY = YES;
				CLANG_WARN_ENUM_CONVERSION = YES;
				CLANG_WARN_INFINITE_RECURSION = YES;
				CLANG_WARN_INT_CONVERSION = YES;
				CLANG_WARN_NON_LITERAL_NULL_CONVERSION = YES;
				CLANG_WARN_OBJC_IMPLICIT_RETAIN_SELF = YES;
				CLANG_WARN_OBJC_LITERAL_CONVERSION = YES;
				CLANG_WARN_OBJC_ROOT_CLASS = YES_ERROR;
				CLANG_WARN_QUOTED_INCLUDE_IN_FRAMEWORK_HEADER = YES;
				CLANG_WARN_RANGE_LOOP_ANALYSIS = YES;
				CLANG_WARN_STRICT_PROTOTYPES = YES;
				CLANG_WARN_SUSPICIOUS_MOVE = YES;
				CLANG_WARN_UNGUARDED_AVAILABILITY = YES_AGGRESSIVE;
				CLANG_WARN_UNREACHABLE_CODE = YES;
				CLANG_WARN__DUPLICATE_METHOD_MATCH = YES;
				COPY_PHASE_STRIP = NO;
				DEBUG_INFORMATION_FORMAT = dwarf;
				ENABLE_STRICT_OBJC_MSGSEND = YES;
				ENABLE_TESTABILITY = YES;
				GCC_C_LANGUAGE_STANDARD = gnu11;
				GCC_DYNAMIC_NO_PIC = NO;
				GCC_NO_COMMON_BLOCKS = YES;
				GCC_OPTIMIZATION_LEVEL = 0;
				GCC_PREPROCESSOR_DEFINITIONS = (
					"DEBUG=1",
					"$(inherited)",
				);
				GCC_WARN_64_TO_32_BIT_CONVERSION = YES;
				GCC_WARN_ABOUT_RETURN_TYPE = YES_ERROR;
				GCC_WARN_UNDECLARED_SELECTOR = YES;
				GCC_WARN_UNINITIALIZED_AUTOS = YES_AGGRESSIVE;
				GCC_WARN_UNUSED_FUNCTION = YES;
				GCC_WARN_UNUSED_VARIABLE = YES;
				IPHONEOS_DEPLOYMENT_TARGET = 16.4;
				MTL_ENABLE_DEBUG_INFO = INCLUDE_SOURCE;
				MTL_FAST_MATH = YES;
				ONLY_ACTIVE_ARCH = YES;
				SDKROOT = iphoneos;
				SWIFT_ACTIVE_COMPILATION_CONDITIONS = DEBUG;
				SWIFT_OPTIMIZATION_LEVEL = "-Onone";
			};
			name = Debug;
		};
		6F29C8DB2A211FF900579B63 /* Release */ = {
			isa = XCBuildConfiguration;
			buildSettings = {
				ALWAYS_SEARCH_USER_PATHS = NO;
				CLANG_ANALYZER_NONNULL = YES;
				CLANG_ANALYZER_NUMBER_OBJECT_CONVERSION = YES_AGGRESSIVE;
				CLANG_CXX_LANGUAGE_STANDARD = "gnu++20";
				CLANG_ENABLE_MODULES = YES;
				CLANG_ENABLE_OBJC_ARC = YES;
				CLANG_ENABLE_OBJC_WEAK = YES;
				CLANG_WARN_BLOCK_CAPTURE_AUTORELEASING = YES;
				CLANG_WARN_BOOL_CONVERSION = YES;
				CLANG_WARN_COMMA = YES;
				CLANG_WARN_CONSTANT_CONVERSION = YES;
				CLANG_WARN_DEPRECATED_OBJC_IMPLEMENTATIONS = YES;
				CLANG_WARN_DIRECT_OBJC_ISA_USAGE = YES_ERROR;
				CLANG_WARN_DOCUMENTATION_COMMENTS = YES;
				CLANG_WARN_EMPTY_BODY = YES;
				CLANG_WARN_ENUM_CONVERSION = YES;
				CLANG_WARN_INFINITE_RECURSION = YES;
				CLANG_WARN_INT_CONVERSION = YES;
				CLANG_WARN_NON_LITERAL_NULL_CONVERSION = YES;
				CLANG_WARN_OBJC_IMPLICIT_RETAIN_SELF = YES;
				CLANG_WARN_OBJC_LITERAL_CONVERSION = YES;
				CLANG_WARN_OBJC_ROOT_CLASS = YES_ERROR;
				CLANG_WARN_QUOTED_INCLUDE_IN_FRAMEWORK_HEADER = YES;
				CLANG_WARN_RANGE_LOOP_ANALYSIS = YES;
				CLANG_WARN_STRICT_PROTOTYPES = YES;
				CLANG_WARN_SUSPICIOUS_MOVE = YES;
				CLANG_WARN_UNGUARDED_AVAILABILITY = YES_AGGRESSIVE;
				CLANG_WARN_UNREACHABLE_CODE = YES;
				CLANG_WARN__DUPLICATE_METHOD_MATCH = YES;
				COPY_PHASE_STRIP = NO;
				DEBUG_INFORMATION_FORMAT = "dwarf-with-dsym";
				ENABLE_NS_ASSERTIONS = NO;
				ENABLE_STRICT_OBJC_MSGSEND = YES;
				GCC_C_LANGUAGE_STANDARD = gnu11;
				GCC_NO_COMMON_BLOCKS = YES;
				GCC_WARN_64_TO_32_BIT_CONVERSION = YES;
				GCC_WARN_ABOUT_RETURN_TYPE = YES_ERROR;
				GCC_WARN_UNDECLARED_SELECTOR = YES;
				GCC_WARN_UNINITIALIZED_AUTOS = YES_AGGRESSIVE;
				GCC_WARN_UNUSED_FUNCTION = YES;
				GCC_WARN_UNUSED_VARIABLE = YES;
				IPHONEOS_DEPLOYMENT_TARGET = 16.4;
				MTL_ENABLE_DEBUG_INFO = NO;
				MTL_FAST_MATH = YES;
				SDKROOT = iphoneos;
				SWIFT_COMPILATION_MODE = wholemodule;
				SWIFT_OPTIMIZATION_LEVEL = "-O";
				VALIDATE_PRODUCT = YES;
			};
			name = Release;
		};
		6F29C8DD2A211FF900579B63 /* Debug */ = {
			isa = XCBuildConfiguration;
			buildSettings = {
				ASSETCATALOG_COMPILER_APPICON_NAME = AppIcon;
				ASSETCATALOG_COMPILER_GLOBAL_ACCENT_COLOR_NAME = AccentColor;
				CODE_SIGN_STYLE = Automatic;
				CURRENT_PROJECT_VERSION = 1;
				DEVELOPMENT_ASSET_PATHS = "\"ADTChallenge/Preview Content\"";
				DEVELOPMENT_TEAM = 27UHAFC56C;
				ENABLE_PREVIEWS = YES;
				GENERATE_INFOPLIST_FILE = YES;
				INFOPLIST_KEY_UIApplicationSceneManifest_Generation = YES;
				INFOPLIST_KEY_UIApplicationSupportsIndirectInputEvents = YES;
				INFOPLIST_KEY_UILaunchScreen_Generation = YES;
				INFOPLIST_KEY_UISupportedInterfaceOrientations_iPad = "UIInterfaceOrientationPortrait UIInterfaceOrientationPortraitUpsideDown UIInterfaceOrientationLandscapeLeft UIInterfaceOrientationLandscapeRight";
				INFOPLIST_KEY_UISupportedInterfaceOrientations_iPhone = "UIInterfaceOrientationPortrait UIInterfaceOrientationLandscapeLeft UIInterfaceOrientationLandscapeRight";
				LD_RUNPATH_SEARCH_PATHS = (
					"$(inherited)",
					"@executable_path/Frameworks",
				);
				MARKETING_VERSION = 1.0;
				PRODUCT_BUNDLE_IDENTIFIER = com.edf.ADTChallenge;
				PRODUCT_NAME = "$(TARGET_NAME)";
				SWIFT_EMIT_LOC_STRINGS = YES;
				SWIFT_VERSION = 5.0;
				TARGETED_DEVICE_FAMILY = "1,2";
			};
			name = Debug;
		};
		6F29C8DE2A211FF900579B63 /* Release */ = {
			isa = XCBuildConfiguration;
			buildSettings = {
				ASSETCATALOG_COMPILER_APPICON_NAME = AppIcon;
				ASSETCATALOG_COMPILER_GLOBAL_ACCENT_COLOR_NAME = AccentColor;
				CODE_SIGN_STYLE = Automatic;
				CURRENT_PROJECT_VERSION = 1;
				DEVELOPMENT_ASSET_PATHS = "\"ADTChallenge/Preview Content\"";
				DEVELOPMENT_TEAM = 27UHAFC56C;
				ENABLE_PREVIEWS = YES;
				GENERATE_INFOPLIST_FILE = YES;
				INFOPLIST_KEY_UIApplicationSceneManifest_Generation = YES;
				INFOPLIST_KEY_UIApplicationSupportsIndirectInputEvents = YES;
				INFOPLIST_KEY_UILaunchScreen_Generation = YES;
				INFOPLIST_KEY_UISupportedInterfaceOrientations_iPad = "UIInterfaceOrientationPortrait UIInterfaceOrientationPortraitUpsideDown UIInterfaceOrientationLandscapeLeft UIInterfaceOrientationLandscapeRight";
				INFOPLIST_KEY_UISupportedInterfaceOrientations_iPhone = "UIInterfaceOrientationPortrait UIInterfaceOrientationLandscapeLeft UIInterfaceOrientationLandscapeRight";
				LD_RUNPATH_SEARCH_PATHS = (
					"$(inherited)",
					"@executable_path/Frameworks",
				);
				MARKETING_VERSION = 1.0;
				PRODUCT_BUNDLE_IDENTIFIER = com.edf.ADTChallenge;
				PRODUCT_NAME = "$(TARGET_NAME)";
				SWIFT_EMIT_LOC_STRINGS = YES;
				SWIFT_VERSION = 5.0;
				TARGETED_DEVICE_FAMILY = "1,2";
			};
			name = Release;
		};
		6F29C8E02A211FF900579B63 /* Debug */ = {
			isa = XCBuildConfiguration;
			buildSettings = {
				ALWAYS_EMBED_SWIFT_STANDARD_LIBRARIES = YES;
				BUNDLE_LOADER = "$(TEST_HOST)";
				CODE_SIGN_STYLE = Automatic;
				CURRENT_PROJECT_VERSION = 1;
				DEVELOPMENT_TEAM = 27UHAFC56C;
				GENERATE_INFOPLIST_FILE = YES;
				IPHONEOS_DEPLOYMENT_TARGET = 16.4;
				MARKETING_VERSION = 1.0;
				PRODUCT_BUNDLE_IDENTIFIER = com.edf.ADTChallengeTests;
				PRODUCT_NAME = "$(TARGET_NAME)";
				SWIFT_EMIT_LOC_STRINGS = NO;
				SWIFT_VERSION = 5.0;
				TARGETED_DEVICE_FAMILY = "1,2";
				TEST_HOST = "$(BUILT_PRODUCTS_DIR)/ADTChallenge.app/$(BUNDLE_EXECUTABLE_FOLDER_PATH)/ADTChallenge";
			};
			name = Debug;
		};
		6F29C8E12A211FF900579B63 /* Release */ = {
			isa = XCBuildConfiguration;
			buildSettings = {
				ALWAYS_EMBED_SWIFT_STANDARD_LIBRARIES = YES;
				BUNDLE_LOADER = "$(TEST_HOST)";
				CODE_SIGN_STYLE = Automatic;
				CURRENT_PROJECT_VERSION = 1;
				DEVELOPMENT_TEAM = 27UHAFC56C;
				GENERATE_INFOPLIST_FILE = YES;
				IPHONEOS_DEPLOYMENT_TARGET = 16.4;
				MARKETING_VERSION = 1.0;
				PRODUCT_BUNDLE_IDENTIFIER = com.edf.ADTChallengeTests;
				PRODUCT_NAME = "$(TARGET_NAME)";
				SWIFT_EMIT_LOC_STRINGS = NO;
				SWIFT_VERSION = 5.0;
				TARGETED_DEVICE_FAMILY = "1,2";
				TEST_HOST = "$(BUILT_PRODUCTS_DIR)/ADTChallenge.app/$(BUNDLE_EXECUTABLE_FOLDER_PATH)/ADTChallenge";
			};
			name = Release;
		};
		6F29C8E32A211FF900579B63 /* Debug */ = {
			isa = XCBuildConfiguration;
			buildSettings = {
				ALWAYS_EMBED_SWIFT_STANDARD_LIBRARIES = YES;
				CODE_SIGN_STYLE = Automatic;
				CURRENT_PROJECT_VERSION = 1;
				DEVELOPMENT_TEAM = 27UHAFC56C;
				GENERATE_INFOPLIST_FILE = YES;
				MARKETING_VERSION = 1.0;
				PRODUCT_BUNDLE_IDENTIFIER = com.edf.ADTChallengeUITests;
				PRODUCT_NAME = "$(TARGET_NAME)";
				SWIFT_EMIT_LOC_STRINGS = NO;
				SWIFT_VERSION = 5.0;
				TARGETED_DEVICE_FAMILY = "1,2";
				TEST_TARGET_NAME = ADTChallenge;
			};
			name = Debug;
		};
		6F29C8E42A211FF900579B63 /* Release */ = {
			isa = XCBuildConfiguration;
			buildSettings = {
				ALWAYS_EMBED_SWIFT_STANDARD_LIBRARIES = YES;
				CODE_SIGN_STYLE = Automatic;
				CURRENT_PROJECT_VERSION = 1;
				DEVELOPMENT_TEAM = 27UHAFC56C;
				GENERATE_INFOPLIST_FILE = YES;
				MARKETING_VERSION = 1.0;
				PRODUCT_BUNDLE_IDENTIFIER = com.edf.ADTChallengeUITests;
				PRODUCT_NAME = "$(TARGET_NAME)";
				SWIFT_EMIT_LOC_STRINGS = NO;
				SWIFT_VERSION = 5.0;
				TARGETED_DEVICE_FAMILY = "1,2";
				TEST_TARGET_NAME = ADTChallenge;
			};
			name = Release;
		};
/* End XCBuildConfiguration section */

/* Begin XCConfigurationList section */
		6F29C8B32A211FF800579B63 /* Build configuration list for PBXProject "ADTChallenge" */ = {
			isa = XCConfigurationList;
			buildConfigurations = (
				6F29C8DA2A211FF900579B63 /* Debug */,
				6F29C8DB2A211FF900579B63 /* Release */,
			);
			defaultConfigurationIsVisible = 0;
			defaultConfigurationName = Release;
		};
		6F29C8DC2A211FF900579B63 /* Build configuration list for PBXNativeTarget "ADTChallenge" */ = {
			isa = XCConfigurationList;
			buildConfigurations = (
				6F29C8DD2A211FF900579B63 /* Debug */,
				6F29C8DE2A211FF900579B63 /* Release */,
			);
			defaultConfigurationIsVisible = 0;
			defaultConfigurationName = Release;
		};
		6F29C8DF2A211FF900579B63 /* Build configuration list for PBXNativeTarget "ADTChallengeTests" */ = {
			isa = XCConfigurationList;
			buildConfigurations = (
				6F29C8E02A211FF900579B63 /* Debug */,
				6F29C8E12A211FF900579B63 /* Release */,
			);
			defaultConfigurationIsVisible = 0;
			defaultConfigurationName = Release;
		};
		6F29C8E22A211FF900579B63 /* Build configuration list for PBXNativeTarget "ADTChallengeUITests" */ = {
			isa = XCConfigurationList;
			buildConfigurations = (
				6F29C8E32A211FF900579B63 /* Debug */,
				6F29C8E42A211FF900579B63 /* Release */,
			);
			defaultConfigurationIsVisible = 0;
			defaultConfigurationName = Release;
		};
/* End XCConfigurationList section */
	};
	rootObject = 6F29C8B02A211FF800579B63 /* Project object */;
}
